{
  "name": "apsho-hugo",
  "version": "1.0.0",
  "lockfileVersion": 1,
  "requires": true,
  "dependencies": {
    "prettier-plugin-go-template": {
      "version": "0.0.7",
      "resolved": "https://registry.npmjs.org/prettier-plugin-go-template/-/prettier-plugin-go-template-0.0.7.tgz",
      "integrity": "sha512-vMH5NK90/shFIhMjp+Ta3zY2L9YWVnRhqtZxPl61QF9qepNaSdBUnGYv52lFPxJyAipI1yv5qZwgNzSACxdPMA==",
      "dev": true
    }
  }
}
